
Microsoft Visual Studio Solution File, Format Version 12.00
# Visual Studio Version 16
VisualStudioVersion = 16.0.29025.244
MinimumVisualStudioVersion = 10.0.40219.1
Project("{FAE04EC0-301F-11D3-BF4B-00C04F79EFBC}") = "CURD_mvc_application", "CURD_mvc_application\CURD_mvc_application.csproj", "{FA9545CC-4DF4-46CF-8D67-5211FDD4D259}"
EndProject
Project("{FAE04EC0-301F-11D3-BF4B-00C04F79EFBC}") = "CURD_mvc_application.Tests", "CURD_mvc_application.Tests\CURD_mvc_application.Tests.csproj", "{51F0D7B9-3AC5-409B-8CB7-AB2A2235854A}"
EndProject
Global
	GlobalSection(SolutionConfigurationPlatforms) = preSolution
		Debug|Any CPU = Debug|Any CPU
		Release|Any CPU = Release|Any CPU
	EndGlobalSection
	GlobalSection(ProjectConfigurationPlatforms) = postSolution
		{FA9545CC-4DF4-46CF-8D67-5211FDD4D259}.Debug|Any CPU.ActiveCfg = Debug|Any CPU
		{FA9545CC-4DF4-46CF-8D67-5211FDD4D259}.Debug|Any CPU.Build.0 = Debug|Any CPU
		{FA9545CC-4DF4-46CF-8D67-5211FDD4D259}.Release|Any CPU.ActiveCfg = Release|Any CPU
		{FA9545CC-4DF4-46CF-8D67-5211FDD4D259}.Release|Any CPU.Build.0 = Release|Any CPU
		{51F0D7B9-3AC5-409B-8CB7-AB2A2235854A}.Debug|Any CPU.ActiveCfg = Debug|Any CPU
		{51F0D7B9-3AC5-409B-8CB7-AB2A2235854A}.Debug|Any CPU.Build.0 = Debug|Any CPU
		{51F0D7B9-3AC5-409B-8CB7-AB2A2235854A}.Release|Any CPU.ActiveCfg = Release|Any CPU
		{51F0D7B9-3AC5-409B-8CB7-AB2A2235854A}.Release|Any CPU.Build.0 = Release|Any CPU
	EndGlobalSection
	GlobalSection(SolutionProperties) = preSolution
		HideSolutionNode = FALSE
	EndGlobalSection
	GlobalSection(ExtensibilityGlobals) = postSolution
		SolutionGuid = {6480125D-3CC8-4BA4-A51B-E01F1290347B}
	EndGlobalSection
EndGlobal
